// !$*UTF8*$!
{
	archiveVersion = 1;
	classes = {
	};
	objectVersion = 50;
	objects = {

/* Begin PBXBuildFile section */
		237DD93726DE53F100EAD02D /* lesson13ChallengeApp.swift in Sources */ = {isa = PBXBuildFile; fileRef = 237DD92426DE53F000EAD02D /* lesson13ChallengeApp.swift */; };
		237DD93826DE53F100EAD02D /* lesson13ChallengeApp.swift in Sources */ = {isa = PBXBuildFile; fileRef = 237DD92426DE53F000EAD02D /* lesson13ChallengeApp.swift */; };
		237DD93926DE53F100EAD02D /* ContentView.swift in Sources */ = {isa = PBXBuildFile; fileRef = 237DD92526DE53F000EAD02D /* ContentView.swift */; };
		237DD93A26DE53F100EAD02D /* ContentView.swift in Sources */ = {isa = PBXBuildFile; fileRef = 237DD92526DE53F000EAD02D /* ContentView.swift */; };
		237DD93B26DE53F100EAD02D /* Assets.xcassets in Resources */ = {isa = PBXBuildFile; fileRef = 237DD92626DE53F100EAD02D /* Assets.xcassets */; };
		237DD93C26DE53F100EAD02D /* Assets.xcassets in Resources */ = {isa = PBXBuildFile; fileRef = 237DD92626DE53F100EAD02D /* Assets.xcassets */; };
/* End PBXBuildFile section */

/* Begin PBXFileReference section */
		237DD92426DE53F000EAD02D /* lesson13ChallengeApp.swift */ = {isa = PBXFileReference; lastKnownFileType = sourcecode.swift; path = lesson13ChallengeApp.swift; sourceTree = "<group>"; };
		237DD92526DE53F000EAD02D /* ContentView.swift */ = {isa = PBXFileReference; lastKnownFileType = sourcecode.swift; path = ContentView.swift; sourceTree = "<group>"; };
		237DD92626DE53F100EAD02D /* Assets.xcassets */ = {isa = PBXFileReference; lastKnownFileType = folder.assetcatalog; path = Assets.xcassets; sourceTree = "<group>"; };
		237DD92B26DE53F100EAD02D /* lesson13Challenge.app */ = {isa = PBXFileReference; explicitFileType = wrapper.application; includeInIndex = 0; path = lesson13Challenge.app; sourceTree = BUILT_PRODUCTS_DIR; };
		237DD92E26DE53F100EAD02D /* Info.plist */ = {isa = PBXFileReference; lastKnownFileType = text.plist.xml; path = Info.plist; sourceTree = "<group>"; };
		237DD93326DE53F100EAD02D /* lesson13Challenge.app */ = {isa = PBXFileReference; explicitFileType = wrapper.application; includeInIndex = 0; path = lesson13Challenge.app; sourceTree = BUILT_PRODUCTS_DIR; };
		237DD93526DE53F100EAD02D /* Info.plist */ = {isa = PBXFileReference; lastKnownFileType = text.plist.xml; path = Info.plist; sourceTree = "<group>"; };
		237DD93626DE53F100EAD02D /* macOS.entitlements */ = {isa = PBXFileReference; lastKnownFileType = text.plist.entitlements; path = macOS.entitlements; sourceTree = "<group>"; };
/* End PBXFileReference section */

/* Begin PBXFrameworksBuildPhase section */
		237DD92826DE53F100EAD02D /* Frameworks */ = {
			isa = PBXFrameworksBuildPhase;
			buildActionMask = 2147483647;
			files = (
			);
			runOnlyForDeploymentPostprocessing = 0;
		};
		237DD93026DE53F100EAD02D /* Frameworks */ = {
			isa = PBXFrameworksBuildPhase;
			buildActionMask = 2147483647;
			files = (
			);
			runOnlyForDeploymentPostprocessing = 0;
		};
/* End PBXFrameworksBuildPhase section */

/* Begin PBXGroup section */
		237DD91E26DE53F000EAD02D = {
			isa = PBXGroup;
			children = (
				237DD92326DE53F000EAD02D /* Shared */,
				237DD92D26DE53F100EAD02D /* iOS */,
				237DD93426DE53F100EAD02D /* macOS */,
				237DD92C26DE53F100EAD02D /* Products */,
			);
			sourceTree = "<group>";
		};
		237DD92326DE53F000EAD02D /* Shared */ = {
			isa = PBXGroup;
			children = (
				237DD92426DE53F000EAD02D /* lesson13ChallengeApp.swift */,
				237DD92526DE53F000EAD02D /* ContentView.swift */,
				237DD92626DE53F100EAD02D /* Assets.xcassets */,
			);
			path = Shared;
			sourceTree = "<group>";
		};
		237DD92C26DE53F100EAD02D /* Products */ = {
			isa = PBXGroup;
			children = (
				237DD92B26DE53F100EAD02D /* lesson13Challenge.app */,
				237DD93326DE53F100EAD02D /* lesson13Challenge.app */,
			);
			name = Products;
			sourceTree = "<group>";
		};
		237DD92D26DE53F100EAD02D /* iOS */ = {
			isa = PBXGroup;
			children = (
				237DD92E26DE53F100EAD02D /* Info.plist */,
			);
			path = iOS;
			sourceTree = "<group>";
		};
		237DD93426DE53F100EAD02D /* macOS */ = {
			isa = PBXGroup;
			children = (
				237DD93526DE53F100EAD02D /* Info.plist */,
				237DD93626DE53F100EAD02D /* macOS.entitlements */,
			);
			path = macOS;
			sourceTree = "<group>";
		};
/* End PBXGroup section */

/* Begin PBXNativeTarget section */
		237DD92A26DE53F100EAD02D /* lesson13Challenge (iOS) */ = {
			isa = PBXNativeTarget;
			buildConfigurationList = 237DD93F26DE53F100EAD02D /* Build configuration list for PBXNativeTarget "lesson13Challenge (iOS)" */;
			buildPhases = (
				237DD92726DE53F100EAD02D /* Sources */,
				237DD92826DE53F100EAD02D /* Frameworks */,
				237DD92926DE53F100EAD02D /* Resources */,
			);
			buildRules = (
			);
			dependencies = (
			);
			name = "lesson13Challenge (iOS)";
			productName = "lesson13Challenge (iOS)";
			productReference = 237DD92B26DE53F100EAD02D /* lesson13Challenge.app */;
			productType = "com.apple.product-type.application";
		};
		237DD93226DE53F100EAD02D /* lesson13Challenge (macOS) */ = {
			isa = PBXNativeTarget;
			buildConfigurationList = 237DD94226DE53F100EAD02D /* Build configuration list for PBXNativeTarget "lesson13Challenge (macOS)" */;
			buildPhases = (
				237DD92F26DE53F100EAD02D /* Sources */,
				237DD93026DE53F100EAD02D /* Frameworks */,
				237DD93126DE53F100EAD02D /* Resources */,
			);
			buildRules = (
			);
			dependencies = (
			);
			name = "lesson13Challenge (macOS)";
			productName = "lesson13Challenge (macOS)";
			productReference = 237DD93326DE53F100EAD02D /* lesson13Challenge.app */;
			productType = "com.apple.product-type.application";
		};
/* End PBXNativeTarget section */

/* Begin PBXProject section */
		237DD91F26DE53F000EAD02D /* Project object */ = {
			isa = PBXProject;
			attributes = {
				LastSwiftUpdateCheck = 1250;
				LastUpgradeCheck = 1250;
				TargetAttributes = {
					237DD92A26DE53F100EAD02D = {
						CreatedOnToolsVersion = 12.5.1;
					};
					237DD93226DE53F100EAD02D = {
						CreatedOnToolsVersion = 12.5.1;
					};
				};
			};
			buildConfigurationList = 237DD92226DE53F000EAD02D /* Build configuration list for PBXProject "lesson13Challenge" */;
			compatibilityVersion = "Xcode 9.3";
			developmentRegion = en;
			hasScannedForEncodings = 0;
			knownRegions = (
				en,
				Base,
			);
			mainGroup = 237DD91E26DE53F000EAD02D;
			productRefGroup = 237DD92C26DE53F100EAD02D /* Products */;
			projectDirPath = "";
			projectRoot = "";
			targets = (
				237DD92A26DE53F100EAD02D /* lesson13Challenge (iOS) */,
				237DD93226DE53F100EAD02D /* lesson13Challenge (macOS) */,
			);
		};
/* End PBXProject section */

/* Begin PBXResourcesBuildPhase section */
		237DD92926DE53F100EAD02D /* Resources */ = {
			isa = PBXResourcesBuildPhase;
			buildActionMask = 2147483647;
			files = (
				237DD93B26DE53F100EAD02D /* Assets.xcassets in Resources */,
			);
			runOnlyForDeploymentPostprocessing = 0;
		};
		237DD93126DE53F100EAD02D /* Resources */ = {
			isa = PBXResourcesBuildPhase;
			buildActionMask = 2147483647;
			files = (
				237DD93C26DE53F100EAD02D /* Assets.xcassets in Resources */,
			);
			runOnlyForDeploymentPostprocessing = 0;
		};
/* End PBXResourcesBuildPhase section */

/* Begin PBXSourcesBuildPhase section */
		237DD92726DE53F100EAD02D /* Sources */ = {
			isa = PBXSourcesBuildPhase;
			buildActionMask = 2147483647;
			files = (
				237DD93926DE53F100EAD02D /* ContentView.swift in Sources */,
				237DD93726DE53F100EAD02D /* lesson13ChallengeApp.swift in Sources */,
			);
			runOnlyForDeploymentPostprocessing = 0;
		};
		237DD92F26DE53F100EAD02D /* Sources */ = {
			isa = PBXSourcesBuildPhase;
			buildActionMask = 2147483647;
			files = (
				237DD93A26DE53F100EAD02D /* ContentView.swift in Sources */,
				237DD93826DE53F100EAD02D /* lesson13ChallengeApp.swift in Sources */,
			);
			runOnlyForDeploymentPostprocessing = 0;
		};
/* End PBXSourcesBuildPhase section */

/* Begin XCBuildConfiguration section */
		237DD93D26DE53F100EAD02D /* Debug */ = {
			isa = XCBuildConfiguration;
			buildSettings = {
				ALWAYS_SEARCH_USER_PATHS = NO;
				CLANG_ANALYZER_NONNULL = YES;
				CLANG_ANALYZER_NUMBER_OBJECT_CONVERSION = YES_AGGRESSIVE;
				CLANG_CXX_LANGUAGE_STANDARD = "gnu++14";
				CLANG_CXX_LIBRARY = "libc++";
				CLANG_ENABLE_MODULES = YES;
				CLANG_ENABLE_OBJC_ARC = YES;
				CLANG_ENABLE_OBJC_WEAK = YES;
				CLANG_WARN_BLOCK_CAPTURE_AUTORELEASING = YES;
				CLANG_WARN_BOOL_CONVERSION = YES;
				CLANG_WARN_COMMA = YES;
				CLANG_WARN_CONSTANT_CONVERSION = YES;
				CLANG_WARN_DEPRECATED_OBJC_IMPLEMENTATIONS = YES;
				CLANG_WARN_DIRECT_OBJC_ISA_USAGE = YES_ERROR;
				CLANG_WARN_DOCUMENTATION_COMMENTS = YES;
				CLANG_WARN_EMPTY_BODY = YES;
				CLANG_WARN_ENUM_CONVERSION = YES;
				CLANG_WARN_INFINITE_RECURSION = YES;
				CLANG_WARN_INT_CONVERSION = YES;
				CLANG_WARN_NON_LITERAL_NULL_CONVERSION = YES;
				CLANG_WARN_OBJC_IMPLICIT_RETAIN_SELF = YES;
				CLANG_WARN_OBJC_LITERAL_CONVERSION = YES;
				CLANG_WARN_OBJC_ROOT_CLASS = YES_ERROR;
				CLANG_WARN_QUOTED_INCLUDE_IN_FRAMEWORK_HEADER = YES;
				CLANG_WARN_RANGE_LOOP_ANALYSIS = YES;
				CLANG_WARN_STRICT_PROTOTYPES = YES;
				CLANG_WARN_SUSPICIOUS_MOVE = YES;
				CLANG_WARN_UNGUARDED_AVAILABILITY = YES_AGGRESSIVE;
				CLANG_WARN_UNREACHABLE_CODE = YES;
				CLANG_WARN__DUPLICATE_METHOD_MATCH = YES;
				COPY_PHASE_STRIP = NO;
				DEBUG_INFORMATION_FORMAT = dwarf;
				ENABLE_STRICT_OBJC_MSGSEND = YES;
				ENABLE_TESTABILITY = YES;
				GCC_C_LANGUAGE_STANDARD = gnu11;
				GCC_DYNAMIC_NO_PIC = NO;
				GCC_NO_COMMON_BLOCKS = YES;
				GCC_OPTIMIZATION_LEVEL = 0;
				GCC_PREPROCESSOR_DEFINITIONS = (
					"DEBUG=1",
					"$(inherited)",
				);
				GCC_WARN_64_TO_32_BIT_CONVERSION = YES;
				GCC_WARN_ABOUT_RETURN_TYPE = YES_ERROR;
				GCC_WARN_UNDECLARED_SELECTOR = YES;
				GCC_WARN_UNINITIALIZED_AUTOS = YES_AGGRESSIVE;
				GCC_WARN_UNUSED_FUNCTION = YES;
				GCC_WARN_UNUSED_VARIABLE = YES;
				MTL_ENABLE_DEBUG_INFO = INCLUDE_SOURCE;
				MTL_FAST_MATH = YES;
				ONLY_ACTIVE_ARCH = YES;
				SWIFT_ACTIVE_COMPILATION_CONDITIONS = DEBUG;
				SWIFT_OPTIMIZATION_LEVEL = "-Onone";
			};
			name = Debug;
		};
		237DD93E26DE53F100EAD02D /* Release */ = {
			isa = XCBuildConfiguration;
			buildSettings = {
				ALWAYS_SEARCH_USER_PATHS = NO;
				CLANG_ANALYZER_NONNULL = YES;
				CLANG_ANALYZER_NUMBER_OBJECT_CONVERSION = YES_AGGRESSIVE;
				CLANG_CXX_LANGUAGE_STANDARD = "gnu++14";
				CLANG_CXX_LIBRARY = "libc++";
				CLANG_ENABLE_MODULES = YES;
				CLANG_ENABLE_OBJC_ARC = YES;
				CLANG_ENABLE_OBJC_WEAK = YES;
				CLANG_WARN_BLOCK_CAPTURE_AUTORELEASING = YES;
				CLANG_WARN_BOOL_CONVERSION = YES;
				CLANG_WARN_COMMA = YES;
				CLANG_WARN_CONSTANT_CONVERSION = YES;
				CLANG_WARN_DEPRECATED_OBJC_IMPLEMENTATIONS = YES;
				CLANG_WARN_DIRECT_OBJC_ISA_USAGE = YES_ERROR;
				CLANG_WARN_DOCUMENTATION_COMMENTS = YES;
				CLANG_WARN_EMPTY_BODY = YES;
				CLANG_WARN_ENUM_CONVERSION = YES;
				CLANG_WARN_INFINITE_RECURSION = YES;
				CLANG_WARN_INT_CONVERSION = YES;
				CLANG_WARN_NON_LITERAL_NULL_CONVERSION = YES;
				CLANG_WARN_OBJC_IMPLICIT_RETAIN_SELF = YES;
				CLANG_WARN_OBJC_LITERAL_CONVERSION = YES;
				CLANG_WARN_OBJC_ROOT_CLASS = YES_ERROR;
				CLANG_WARN_QUOTED_INCLUDE_IN_FRAMEWORK_HEADER = YES;
				CLANG_WARN_RANGE_LOOP_ANALYSIS = YES;
				CLANG_WARN_STRICT_PROTOTYPES = YES;
				CLANG_WARN_SUSPICIOUS_MOVE = YES;
				CLANG_WARN_UNGUARDED_AVAILABILITY = YES_AGGRESSIVE;
				CLANG_WARN_UNREACHABLE_CODE = YES;
				CLANG_WARN__DUPLICATE_METHOD_MATCH = YES;
				COPY_PHASE_STRIP = NO;
				DEBUG_INFORMATION_FORMAT = "dwarf-with-dsym";
				ENABLE_NS_ASSERTIONS = NO;
				ENABLE_STRICT_OBJC_MSGSEND = YES;
				GCC_C_LANGUAGE_STANDARD = gnu11;
				GCC_NO_COMMON_BLOCKS = YES;
				GCC_WARN_64_TO_32_BIT_CONVERSION = YES;
				GCC_WARN_ABOUT_RETURN_TYPE = YES_ERROR;
				GCC_WARN_UNDECLARED_SELECTOR = YES;
				GCC_WARN_UNINITIALIZED_AUTOS = YES_AGGRESSIVE;
				GCC_WARN_UNUSED_FUNCTION = YES;
				GCC_WARN_UNUSED_VARIABLE = YES;
				MTL_ENABLE_DEBUG_INFO = NO;
				MTL_FAST_MATH = YES;
				SWIFT_COMPILATION_MODE = wholemodule;
				SWIFT_OPTIMIZATION_LEVEL = "-O";
			};
			name = Release;
		};
		237DD94026DE53F100EAD02D /* Debug */ = {
			isa = XCBuildConfiguration;
			buildSettings = {
				ASSETCATALOG_COMPILER_APPICON_NAME = AppIcon;
				ASSETCATALOG_COMPILER_GLOBAL_ACCENT_COLOR_NAME = AccentColor;
				CODE_SIGN_STYLE = Automatic;
				DEVELOPMENT_TEAM = BD7Y2B4ZKU;
				ENABLE_PREVIEWS = YES;
				INFOPLIST_FILE = iOS/Info.plist;
				IPHONEOS_DEPLOYMENT_TARGET = 14.0;
				LD_RUNPATH_SEARCH_PATHS = (
					"$(inherited)",
					"@executable_path/Frameworks",
				);
				PRODUCT_BUNDLE_IDENTIFIER = mmh.lesson13Challenge;
				PRODUCT_NAME = lesson13Challenge;
				SDKROOT = iphoneos;
				SWIFT_VERSION = 5.0;
				TARGETED_DEVICE_FAMILY = "1,2";
			};
			name = Debug;
		};
		237DD94126DE53F100EAD02D /* Release */ = {
			isa = XCBuildConfiguration;
			buildSettings = {
				ASSETCATALOG_COMPILER_APPICON_NAME = AppIcon;
				ASSETCATALOG_COMPILER_GLOBAL_ACCENT_COLOR_NAME = AccentColor;
				CODE_SIGN_STYLE = Automatic;
				DEVELOPMENT_TEAM = BD7Y2B4ZKU;
				ENABLE_PREVIEWS = YES;
				INFOPLIST_FILE = iOS/Info.plist;
				IPHONEOS_DEPLOYMENT_TARGET = 14.0;
				LD_RUNPATH_SEARCH_PATHS = (
					"$(inherited)",
					"@executable_path/Frameworks",
				);
				PRODUCT_BUNDLE_IDENTIFIER = mmh.lesson13Challenge;
				PRODUCT_NAME = lesson13Challenge;
				SDKROOT = iphoneos;
				SWIFT_VERSION = 5.0;
				TARGETED_DEVICE_FAMILY = "1,2";
				VALIDATE_PRODUCT = YES;
			};
			name = Release;
		};
		237DD94326DE53F100EAD02D /* Debug */ = {
			isa = XCBuildConfiguration;
			buildSettings = {
				ASSETCATALOG_COMPILER_APPICON_NAME = AppIcon;
				ASSETCATALOG_COMPILER_GLOBAL_ACCENT_COLOR_NAME = AccentColor;
				CODE_SIGN_ENTITLEMENTS = macOS/macOS.entitlements;
				CODE_SIGN_STYLE = Automatic;
				COMBINE_HIDPI_IMAGES = YES;
				DEVELOPMENT_TEAM = BD7Y2B4ZKU;
				ENABLE_HARDENED_RUNTIME = YES;
				ENABLE_PREVIEWS = YES;
				INFOPLIST_FILE = macOS/Info.plist;
				LD_RUNPATH_SEARCH_PATHS = (
					"$(inherited)",
					"@executable_path/../Frameworks",
				);
				MACOSX_DEPLOYMENT_TARGET = 11.0;
				PRODUCT_BUNDLE_IDENTIFIER = mmh.lesson13Challenge;
				PRODUCT_NAME = lesson13Challenge;
				SDKROOT = macosx;
				SWIFT_VERSION = 5.0;
			};
			name = Debug;
		};
		237DD94426DE53F100EAD02D /* Release */ = {
			isa = XCBuildConfiguration;
			buildSettings = {
				ASSETCATALOG_COMPILER_APPICON_NAME = AppIcon;
				ASSETCATALOG_COMPILER_GLOBAL_ACCENT_COLOR_NAME = AccentColor;
				CODE_SIGN_ENTITLEMENTS = macOS/macOS.entitlements;
				CODE_SIGN_STYLE = Automatic;
				COMBINE_HIDPI_IMAGES = YES;
				DEVELOPMENT_TEAM = BD7Y2B4ZKU;
				ENABLE_HARDENED_RUNTIME = YES;
				ENABLE_PREVIEWS = YES;
				INFOPLIST_FILE = macOS/Info.plist;
				LD_RUNPATH_SEARCH_PATHS = (
					"$(inherited)",
					"@executable_path/../Frameworks",
				);
				MACOSX_DEPLOYMENT_TARGET = 11.0;
				PRODUCT_BUNDLE_IDENTIFIER = mmh.lesson13Challenge;
				PRODUCT_NAME = lesson13Challenge;
				SDKROOT = macosx;
				SWIFT_VERSION = 5.0;
			};
			name = Release;
		};
/* End XCBuildConfiguration section */

/* Begin XCConfigurationList section */
		237DD92226DE53F000EAD02D /* Build configuration list for PBXProject "lesson13Challenge" */ = {
			isa = XCConfigurationList;
			buildConfigurations = (
				237DD93D26DE53F100EAD02D /* Debug */,
				237DD93E26DE53F100EAD02D /* Release */,
			);
			defaultConfigurationIsVisible = 0;
			defaultConfigurationName = Release;
		};
		237DD93F26DE53F100EAD02D /* Build configuration list for PBXNativeTarget "lesson13Challenge (iOS)" */ = {
			isa = XCConfigurationList;
			buildConfigurations = (
				237DD94026DE53F100EAD02D /* Debug */,
				237DD94126DE53F100EAD02D /* Release */,
			);
			defaultConfigurationIsVisible = 0;
			defaultConfigurationName = Release;
		};
		237DD94226DE53F100EAD02D /* Build configuration list for PBXNativeTarget "lesson13Challenge (macOS)" */ = {
			isa = XCConfigurationList;
			buildConfigurations = (
				237DD94326DE53F100EAD02D /* Debug */,
				237DD94426DE53F100EAD02D /* Release */,
			);
			defaultConfigurationIsVisible = 0;
			defaultConfigurationName = Release;
		};
/* End XCConfigurationList section */
	};
	rootObject = 237DD91F26DE53F000EAD02D /* Project object */;
}
